
Microsoft Visual Studio Solution File, Format Version 12.00
# Visual Studio Version 17
VisualStudioVersion = 17.1.32120.378
MinimumVisualStudioVersion = 10.0.40219.1
Project("{FAE04EC0-301F-11D3-BF4B-00C04F79EFBC}") = "MachiKoro", "MachiKoro\MachiKoro.csproj", "{EF6FBDC6-01DA-44C2-84F0-E679CDB3766B}"
EndProject
Global
	GlobalSection(SolutionConfigurationPlatforms) = preSolution
		Debug|Any CPU = Debug|Any CPU
		Release|Any CPU = Release|Any CPU
	EndGlobalSection
	GlobalSection(ProjectConfigurationPlatforms) = postSolution
		{EF6FBDC6-01DA-44C2-84F0-E679CDB3766B}.Debug|Any CPU.ActiveCfg = Debug|Any CPU
		{EF6FBDC6-01DA-44C2-84F0-E679CDB3766B}.Debug|Any CPU.Build.0 = Debug|Any CPU
		{EF6FBDC6-01DA-44C2-84F0-E679CDB3766B}.Release|Any CPU.ActiveCfg = Release|Any CPU
		{EF6FBDC6-01DA-44C2-84F0-E679CDB3766B}.Release|Any CPU.Build.0 = Release|Any CPU
	EndGlobalSection
	GlobalSection(SolutionProperties) = preSolution
		HideSolutionNode = FALSE
	EndGlobalSection
	GlobalSection(ExtensibilityGlobals) = postSolution
		SolutionGuid = {6B095A67-B734-4A49-BD23-D423C4F77B84}
	EndGlobalSection
EndGlobal
